<?xml version="1.0" encoding="utf-8"?>
<Project ToolsVersion="4.0" xmlns="http://schemas.microsoft.com/developer/msbuild/2003">
  <ItemGroup>
    <Filter Include="Resource Files">
      <UniqueIdentifier>{1a913106-0be0-4476-b0ce-2aa855072614}</UniqueIdentifier>
      <Extensions>ico;cur;bmp;dlg;rc2;rct;bin;cnt;rtf;gif;jpg;jpeg;jpe</Extensions>
    </Filter>
    <Filter Include="MFC">
      <UniqueIdentifier>{da904ee8-7f59-4a6c-b3ff-b91b6fb6d0ea}</UniqueIdentifier>
    </Filter>
    <Filter Include="GameLibrary">
      <UniqueIdentifier>{df7aa532-3fdf-46a0-b3fc-8f5922e8d9e4}</UniqueIdentifier>
    </Filter>
    <Filter Include="MyGame">
      <UniqueIdentifier>{0c798913-b7d2-4e26-8241-0f83266cd626}</UniqueIdentifier>
    </Filter>
  </ItemGroup>
  <ItemGroup>
    <None Include="Res\ball.bmp">
      <Filter>Resource Files</Filter>
    </None>
    <None Include="RES\bmp0.bmp">
      <Filter>Resource Files</Filter>
    </None>
    <None Include="RES\bmp1.bmp">
      <Filter>Resource Files</Filter>
    </None>
    <None Include="RES\bmp10.bmp">
      <Filter>Resource Files</Filter>
    </None>
    <None Include="RES\bmp2.bmp">
      <Filter>Resource Files</Filter>
    </None>
    <None Include="RES\bmp3.bmp">
      <Filter>Resource Files</Filter>
    </None>
    <None Include="RES\bmp4.bmp">
      <Filter>Resource Files</Filter>
    </None>
    <None Include="RES\bmp5.bmp">
      <Filter>Resource Files</Filter>
    </None>
    <None Include="RES\bmp6.bmp">
      <Filter>Resource Files</Filter>
    </None>
    <None Include="RES\bmp7.bmp">
      <Filter>Resource Files</Filter>
    </None>
    <None Include="RES\bmp8.bmp">
      <Filter>Resource Files</Filter>
    </None>
    <None Include="RES\bmp9.bmp">
      <Filter>Resource Files</Filter>
    </None>
    <None Include="RES\center.bmp">
      <Filter>Resource Files</Filter>
    </None>
    <None Include="RES\continue.bmp">
      <Filter>Resource Files</Filter>
    </None>
    <None Include="Res\corner.bmp">
      <Filter>Resource Files</Filter>
    </None>
    <None Include="RES\eraser1.bmp">
      <Filter>Resource Files</Filter>
    </None>
    <None Include="RES\eraser2.bmp">
      <Filter>Resource Files</Filter>
    </None>
    <None Include="RES\eraser3.bmp">
      <Filter>Resource Files</Filter>
    </None>
    <None Include="res\game.ico">
      <Filter>Resource Files</Filter>
    </None>
    <None Include="res\game.rc2">
      <Filter>Resource Files</Filter>
    </None>
    <None Include="RES\gamecurs.cur">
      <Filter>Resource Files</Filter>
    </None>
    <None Include="res\gameDoc.ico">
      <Filter>Resource Files</Filter>
    </None>
    <None Include="RES\help.bmp">
      <Filter>Resource Files</Filter>
    </None>
    <None Include="RES\loading.bmp">
      <Filter>Resource Files</Filter>
    </None>
    <None Include="RES\ntutcsie.bmp">
      <Filter>Resource Files</Filter>
    </None>
    <None Include="res\Toolbar.bmp">
      <Filter>Resource Files</Filter>
    </None>
  </ItemGroup>
  <ItemGroup>
    <ClCompile Include="Source\audio.cpp">
      <Filter>GameLibrary</Filter>
    </ClCompile>
    <ClCompile Include="Source\game.cpp">
      <Filter>MFC</Filter>
    </ClCompile>
    <ClCompile Include="Source\gameDoc.cpp">
      <Filter>MFC</Filter>
    </ClCompile>
    <ClCompile Include="Source\gamelib.cpp">
      <Filter>GameLibrary</Filter>
    </ClCompile>
    <ClCompile Include="Source\gameView.cpp">
      <Filter>MFC</Filter>
    </ClCompile>
    <ClCompile Include="Source\MainFrm.cpp">
      <Filter>MFC</Filter>
    </ClCompile>
    <ClCompile Include="Source\StdAfx.cpp">
      <Filter>MFC</Filter>
    </ClCompile>
    <ClCompile Include="Source\mygame.cpp">
      <Filter>MyGame</Filter>
    </ClCompile>
    <ClCompile Include="Source\CEraser.cpp">
      <Filter>MyGame</Filter>
    </ClCompile>
    <ClCompile Include="Source\CBall.cpp">
      <Filter>MyGame</Filter>
    </ClCompile>
    <ClCompile Include="Source\CBouncingBall.cpp">
      <Filter>MyGame</Filter>
    </ClCompile>
    <ClCompile Include="Source\CMap.cpp">
      <Filter>MyGame</Filter>
    </ClCompile>
    <ClCompile Include="Source\CGameCharacter.cpp">
      <Filter>MyGame</Filter>
    </ClCompile>
    <ClCompile Include="Source\Character.cpp">
      <Filter>MyGame</Filter>
    </ClCompile>
    <ClCompile Include="Source\Map.cpp">
      <Filter>MyGame</Filter>
    </ClCompile>
    <ClCompile Include="Source\mesageBox.cpp" />
  </ItemGroup>
  <ItemGroup>
    <ClInclude Include="Source\audio.h">
      <Filter>GameLibrary</Filter>
    </ClInclude>
    <ClInclude Include="Source\game.h">
      <Filter>MFC</Filter>
    </ClInclude>
    <ClInclude Include="Source\gameDoc.h">
      <Filter>MFC</Filter>
    </ClInclude>
    <ClInclude Include="Source\gamelib.h">
      <Filter>GameLibrary</Filter>
    </ClInclude>
    <ClInclude Include="Source\gameView.h">
      <Filter>MFC</Filter>
    </ClInclude>
    <ClInclude Include="Source\MainFrm.h">
      <Filter>MFC</Filter>
    </ClInclude>
    <ClInclude Include="Source\Resource.h">
      <Filter>MFC</Filter>
    </ClInclude>
    <ClInclude Include="Source\StdAfx.h">
      <Filter>MFC</Filter>
    </ClInclude>
    <ClInclude Include="Source\mygame.h">
      <Filter>MyGame</Filter>
    </ClInclude>
    <ClInclude Include="Source\CEraser.h">
      <Filter>MyGame</Filter>
    </ClInclude>
    <ClInclude Include="Source\CBall.h">
      <Filter>MyGame</Filter>
    </ClInclude>
    <ClInclude Include="Source\CBouncingBall.h">
      <Filter>MyGame</Filter>
    </ClInclude>
    <ClInclude Include="Source\CMap.h">
      <Filter>MyGame</Filter>
    </ClInclude>
    <ClInclude Include="Source\CGameCharacter.h">
      <Filter>MyGame</Filter>
    </ClInclude>
    <ClInclude Include="Source\Character.h">
      <Filter>MyGame</Filter>
    </ClInclude>
    <ClInclude Include="Source\Map.h">
      <Filter>MyGame</Filter>
    </ClInclude>
    <ClInclude Include="Source\mesageBox.h" />
  </ItemGroup>
  <ItemGroup>
    <ResourceCompile Include="Source\game.rc">
      <Filter>MFC</Filter>
    </ResourceCompile>
  </ItemGroup>
  <ItemGroup>
    <Image Include="RES\SrollingTestMap.bmp">
      <Filter>Resource Files</Filter>
    </Image>
    <Image Include="res\bitmap3.bmp">
      <Filter>Resource Files</Filter>
    </Image>
    <Image Include="RES\map01.bmp">
      <Filter>Resource Files</Filter>
    </Image>
    <Image Include="RES\dog1.png" />
    <Image Include="RES\dog1.bmp">
      <Filter>Resource Files</Filter>
    </Image>
    <Image Include="RES\testMonster.bmp">
      <Filter>Resource Files</Filter>
    </Image>
    <Image Include="RES\m1.bmp">
      <Filter>Resource Files</Filter>
    </Image>
    <Image Include="RES\unA_r\p0.bmp">
      <Filter>Resource Files</Filter>
    </Image>
    <Image Include="RES\unA_r\p1.bmp">
      <Filter>Resource Files</Filter>
    </Image>
    <Image Include="RES\unA_r\p2.bmp">
      <Filter>Resource Files</Filter>
    </Image>
    <Image Include="RES\unA_r\p3.bmp">
      <Filter>Resource Files</Filter>
    </Image>
    <Image Include="RES\unA_r\p4.bmp">
      <Filter>Resource Files</Filter>
    </Image>
    <Image Include="RES\unA_r\p5.bmp">
      <Filter>Resource Files</Filter>
    </Image>
    <Image Include="RES\unA_r\p6.bmp">
      <Filter>Resource Files</Filter>
    </Image>
    <Image Include="RES\unA_l\p0.bmp">
      <Filter>Resource Files</Filter>
    </Image>
    <Image Include="RES\unA_l\p1.bmp">
      <Filter>Resource Files</Filter>
    </Image>
    <Image Include="RES\unA_l\p2.bmp">
      <Filter>Resource Files</Filter>
    </Image>
    <Image Include="RES\unA_l\p3.bmp">
      <Filter>Resource Files</Filter>
    </Image>
    <Image Include="RES\unA_l\p4.bmp">
      <Filter>Resource Files</Filter>
    </Image>
    <Image Include="RES\unA_l\p5.bmp">
      <Filter>Resource Files</Filter>
    </Image>
    <Image Include="RES\unA_l\p6.bmp">
      <Filter>Resource Files</Filter>
    </Image>
    <Image Include="RES\unA_r\j1.bmp">
      <Filter>Resource Files</Filter>
    </Image>
    <Image Include="RES\unA_r\j2.bmp">
      <Filter>Resource Files</Filter>
    </Image>
    <Image Include="RES\unA_l\j1.bmp">
      <Filter>Resource Files</Filter>
    </Image>
    <Image Include="RES\unA_l\j2.bmp">
      <Filter>Resource Files</Filter>
    </Image>
    <Image Include="RES\UI\HP16.bmp">
      <Filter>Resource Files</Filter>
    </Image>
    <Image Include="RES\UI\HP0.bmp">
      <Filter>Resource Files</Filter>
    </Image>
    <Image Include="RES\UI\HP1.bmp">
      <Filter>Resource Files</Filter>
    </Image>
    <Image Include="RES\UI\HP2.bmp">
      <Filter>Resource Files</Filter>
    </Image>
    <Image Include="RES\UI\HP3.bmp">
      <Filter>Resource Files</Filter>
    </Image>
    <Image Include="RES\UI\HP4.bmp">
      <Filter>Resource Files</Filter>
    </Image>
    <Image Include="RES\UI\HP5.bmp">
      <Filter>Resource Files</Filter>
    </Image>
    <Image Include="RES\UI\HP6.bmp">
      <Filter>Resource Files</Filter>
    </Image>
    <Image Include="RES\UI\HP7.bmp">
      <Filter>Resource Files</Filter>
    </Image>
    <Image Include="RES\UI\HP8.bmp">
      <Filter>Resource Files</Filter>
    </Image>
    <Image Include="RES\UI\HP9.bmp">
      <Filter>Resource Files</Filter>
    </Image>
    <Image Include="RES\UI\HP10.bmp">
      <Filter>Resource Files</Filter>
    </Image>
    <Image Include="RES\UI\HP11.bmp">
      <Filter>Resource Files</Filter>
    </Image>
    <Image Include="RES\UI\HP12.bmp">
      <Filter>Resource Files</Filter>
    </Image>
    <Image Include="RES\UI\HP13.bmp">
      <Filter>Resource Files</Filter>
    </Image>
    <Image Include="RES\UI\HP14.bmp">
      <Filter>Resource Files</Filter>
    </Image>
    <Image Include="RES\UI\HP15.bmp">
      <Filter>Resource Files</Filter>
    </Image>
    <Image Include="RES\monster\m1_0.bmp">
      <Filter>Resource Files</Filter>
    </Image>
    <Image Include="RES\monster\m1_1.bmp">
      <Filter>Resource Files</Filter>
    </Image>
    <Image Include="RES\monster\m1_2.bmp">
      <Filter>Resource Files</Filter>
    </Image>
    <Image Include="RES\monster\m1_3.bmp">
      <Filter>Resource Files</Filter>
    </Image>
    <Image Include="RES\monster\m1_4.bmp">
      <Filter>Resource Files</Filter>
    </Image>
    <Image Include="RES\monster\m1_5.bmp">
      <Filter>Resource Files</Filter>
    </Image>
    <Image Include="RES\wep\spear_l.bmp">
      <Filter>Resource Files</Filter>
    </Image>
    <Image Include="RES\wep\spear_r.bmp">
      <Filter>Resource Files</Filter>
    </Image>
    <Image Include="RES\unA_l\attack1.bmp">
      <Filter>Resource Files</Filter>
    </Image>
    <Image Include="RES\unA_l\attack2.bmp">
      <Filter>Resource Files</Filter>
    </Image>
    <Image Include="RES\unA_r\attack1.bmp">
      <Filter>Resource Files</Filter>
    </Image>
    <Image Include="RES\unA_r\attack2.bmp">
      <Filter>Resource Files</Filter>
    </Image>
    <Image Include="RES\UI\mesBox0.bmp">
      <Filter>Resource Files</Filter>
    </Image>
    <Image Include="RES\UI\mesBox1.bmp">
      <Filter>Resource Files</Filter>
    </Image>
    <Image Include="RES\UI\mesBox2.bmp">
      <Filter>Resource Files</Filter>
    </Image>
    <Image Include="RES\UI\mesBox3.bmp">
      <Filter>Resource Files</Filter>
    </Image>
    <Image Include="RES\UI\mesBox4.bmp">
      <Filter>Resource Files</Filter>
    </Image>
    <Image Include="RES\UI\mesBox5.bmp">
      <Filter>Resource Files</Filter>
    </Image>
    <Image Include="RES\UI\mesBox6.bmp">
      <Filter>Resource Files</Filter>
    </Image>
    <Image Include="RES\UI\mesBox7.bmp">
      <Filter>Resource Files</Filter>
    </Image>
    <Image Include="RES\UI\mesBox8.bmp">
      <Filter>Resource Files</Filter>
    </Image>
    <Image Include="RES\UI\mesBox9.bmp">
      <Filter>Resource Files</Filter>
    </Image>
    <Image Include="RES\UI\mesBox10.bmp">
      <Filter>Resource Files</Filter>
    </Image>
    <Image Include="RES\UI\mesBox11.bmp">
      <Filter>Resource Files</Filter>
    </Image>
    <Image Include="RES\ground1.bmp">
      <Filter>Resource Files</Filter>
    </Image>
    <Image Include="RES\ground2.bmp">
      <Filter>Resource Files</Filter>
    </Image>
    <Image Include="RES\ground3.bmp">
      <Filter>Resource Files</Filter>
    </Image>
    <Image Include="RES\ground4.bmp">
      <Filter>Resource Files</Filter>
    </Image>
    <Image Include="RES\ground5.bmp">
      <Filter>Resource Files</Filter>
    </Image>
    <Image Include="RES\ground6.bmp">
      <Filter>Resource Files</Filter>
    </Image>
    <Image Include="RES\ground7.bmp">
      <Filter>Resource Files</Filter>
    </Image>
    <Image Include="RES\UI\gameover0.bmp">
      <Filter>Resource Files</Filter>
    </Image>
    <Image Include="RES\UI\gameover2.bmp">
      <Filter>Resource Files</Filter>
    </Image>
    <Image Include="RES\UI\gameover3.bmp">
      <Filter>Resource Files</Filter>
    </Image>
    <Image Include="RES\UI\gameover4.bmp">
      <Filter>Resource Files</Filter>
    </Image>
    <Image Include="RES\UI\gameover5.bmp">
      <Filter>Resource Files</Filter>
    </Image>
    <Image Include="RES\UI\gameover6.bmp">
      <Filter>Resource Files</Filter>
    </Image>
    <Image Include="RES\UI\gameover7.bmp">
      <Filter>Resource Files</Filter>
    </Image>
    <Image Include="RES\UI\gameover8.bmp">
      <Filter>Resource Files</Filter>
    </Image>
    <Image Include="RES\UI\menu0.bmp">
      <Filter>Resource Files</Filter>
    </Image>
    <Image Include="RES\UI\menu1.bmp">
      <Filter>Resource Files</Filter>
    </Image>
    <Image Include="RES\UI\menu2.bmp">
      <Filter>Resource Files</Filter>
    </Image>
    <Image Include="RES\UI\menu3.bmp">
      <Filter>Resource Files</Filter>
    </Image>
    <Image Include="RES\death\dameage.bmp">
      <Filter>Resource Files</Filter>
    </Image>
    <Image Include="RES\death\death1.bmp">
      <Filter>Resource Files</Filter>
    </Image>
    <Image Include="RES\death\death2.bmp">
      <Filter>Resource Files</Filter>
    </Image>
    <Image Include="RES\death\death3.bmp">
      <Filter>Resource Files</Filter>
    </Image>
    <Image Include="RES\death\death4.bmp">
      <Filter>Resource Files</Filter>
    </Image>
    <Image Include="RES\death\death5.bmp">
      <Filter>Resource Files</Filter>
    </Image>
    <Image Include="RES\megaMan\UI&amp;weapan\hp_0.bmp">
      <Filter>Resource Files</Filter>
    </Image>
    <Image Include="RES\megaMan\UI&amp;weapan\hp_1.bmp">
      <Filter>Resource Files</Filter>
    </Image>
    <Image Include="RES\megaMan\UI&amp;weapan\hp_button.bmp">
      <Filter>Resource Files</Filter>
    </Image>
    <Image Include="RES\megaMan\UI&amp;weapan\hp_top.bmp">
      <Filter>Resource Files</Filter>
    </Image>
    <Image Include="RES\megaMan\stand\s0.bmp">
      <Filter>Resource Files</Filter>
    </Image>
    <Image Include="RES\megaMan\stand\s1.bmp">
      <Filter>Resource Files</Filter>
    </Image>
    <Image Include="RES\megaMan\stand\s2.bmp">
      <Filter>Resource Files</Filter>
    </Image>
    <Image Include="RES\unA_r\attack1wep.bmp">
      <Filter>Resource Files</Filter>
    </Image>
    <Image Include="RES\unA_r\attack2wep.bmp">
      <Filter>Resource Files</Filter>
    </Image>
    <Image Include="RES\unA_l\attack1wep.bmp">
      <Filter>Resource Files</Filter>
    </Image>
    <Image Include="RES\unA_l\attack2wep.bmp">
      <Filter>Resource Files</Filter>
    </Image>
  </ItemGroup>
</Project>