<?xml version="1.0" encoding="utf-8"?>
<Project ToolsVersion="4.0" xmlns="http://schemas.microsoft.com/developer/msbuild/2003">
  <ItemGroup>
    <Filter Include="Resource Files">
      <UniqueIdentifier>{1a913106-0be0-4476-b0ce-2aa855072614}</UniqueIdentifier>
      <Extensions>ico;cur;bmp;dlg;rc2;rct;bin;cnt;rtf;gif;jpg;jpeg;jpe</Extensions>
    </Filter>
    <Filter Include="MFC">
      <UniqueIdentifier>{da904ee8-7f59-4a6c-b3ff-b91b6fb6d0ea}</UniqueIdentifier>
    </Filter>
    <Filter Include="GameLibrary">
      <UniqueIdentifier>{df7aa532-3fdf-46a0-b3fc-8f5922e8d9e4}</UniqueIdentifier>
    </Filter>
    <Filter Include="MyGame">
      <UniqueIdentifier>{0c798913-b7d2-4e26-8241-0f83266cd626}</UniqueIdentifier>
    </Filter>
  </ItemGroup>
  <ItemGroup>
    <None Include="RES\help.bmp">
      <Filter>Resource Files</Filter>
    </None>
    <None Include="RES\loading.bmp">
      <Filter>Resource Files</Filter>
    </None>
    <None Include="RES\ntutcsie.bmp">
      <Filter>Resource Files</Filter>
    </None>
    <None Include="res\Toolbar.bmp">
      <Filter>Resource Files</Filter>
    </None>
    <None Include="..Res\ball.bmp">
      <Filter>Resource Files</Filter>
    </None>
    <None Include="..RES\bmp0.bmp">
      <Filter>Resource Files</Filter>
    </None>
    <None Include="..RES\bmp1.bmp">
      <Filter>Resource Files</Filter>
    </None>
    <None Include="..RES\bmp2.bmp">
      <Filter>Resource Files</Filter>
    </None>
    <None Include="..RES\bmp3.bmp">
      <Filter>Resource Files</Filter>
    </None>
    <None Include="..RES\bmp4.bmp">
      <Filter>Resource Files</Filter>
    </None>
    <None Include="..RES\bmp5.bmp">
      <Filter>Resource Files</Filter>
    </None>
    <None Include="..RES\bmp6.bmp">
      <Filter>Resource Files</Filter>
    </None>
    <None Include="..RES\bmp7.bmp">
      <Filter>Resource Files</Filter>
    </None>
    <None Include="..RES\bmp8.bmp">
      <Filter>Resource Files</Filter>
    </None>
    <None Include="..RES\bmp9.bmp">
      <Filter>Resource Files</Filter>
    </None>
    <None Include="..RES\bmp10.bmp">
      <Filter>Resource Files</Filter>
    </None>
    <None Include="..RES\center.bmp">
      <Filter>Resource Files</Filter>
    </None>
    <None Include="..RES\continue.bmp">
      <Filter>Resource Files</Filter>
    </None>
    <None Include="..Res\corner.bmp">
      <Filter>Resource Files</Filter>
    </None>
    <None Include="..RES\eraser1.bmp">
      <Filter>Resource Files</Filter>
    </None>
    <None Include="..RES\eraser2.bmp">
      <Filter>Resource Files</Filter>
    </None>
    <None Include="..RES\eraser3.bmp">
      <Filter>Resource Files</Filter>
    </None>
    <None Include="..res\game.ico">
      <Filter>Resource Files</Filter>
    </None>
    <None Include="..res\game.rc2">
      <Filter>Resource Files</Filter>
    </None>
    <None Include="..RES\gamecurs.cur">
      <Filter>Resource Files</Filter>
    </None>
    <None Include="..res\gameDoc.ico">
      <Filter>Resource Files</Filter>
    </None>
    <None Include="res\gamecurs.cur">
      <Filter>Resource Files</Filter>
    </None>
  </ItemGroup>
  <ItemGroup>
    <ClCompile Include="Source\audio.cpp">
      <Filter>GameLibrary</Filter>
    </ClCompile>
    <ClCompile Include="Source\game.cpp">
      <Filter>MFC</Filter>
    </ClCompile>
    <ClCompile Include="Source\gameDoc.cpp">
      <Filter>MFC</Filter>
    </ClCompile>
    <ClCompile Include="Source\gamelib.cpp">
      <Filter>GameLibrary</Filter>
    </ClCompile>
    <ClCompile Include="Source\gameView.cpp">
      <Filter>MFC</Filter>
    </ClCompile>
    <ClCompile Include="Source\MainFrm.cpp">
      <Filter>MFC</Filter>
    </ClCompile>
    <ClCompile Include="Source\StdAfx.cpp">
      <Filter>MFC</Filter>
    </ClCompile>
    <ClCompile Include="Source\mygame.cpp">
      <Filter>MyGame</Filter>
    </ClCompile>
    <ClCompile Include="Source\Character.cpp">
      <Filter>MyGame</Filter>
    </ClCompile>
    <ClCompile Include="Source\Map.cpp">
      <Filter>MyGame</Filter>
    </ClCompile>
    <ClCompile Include="Source\mesageBox.cpp" />
    <ClCompile Include="Source\Elementalattack.cpp" />
  </ItemGroup>
  <ItemGroup>
    <ClInclude Include="Source\audio.h">
      <Filter>GameLibrary</Filter>
    </ClInclude>
    <ClInclude Include="Source\game.h">
      <Filter>MFC</Filter>
    </ClInclude>
    <ClInclude Include="Source\gameDoc.h">
      <Filter>MFC</Filter>
    </ClInclude>
    <ClInclude Include="Source\gamelib.h">
      <Filter>GameLibrary</Filter>
    </ClInclude>
    <ClInclude Include="Source\gameView.h">
      <Filter>MFC</Filter>
    </ClInclude>
    <ClInclude Include="Source\MainFrm.h">
      <Filter>MFC</Filter>
    </ClInclude>
    <ClInclude Include="Source\Resource.h">
      <Filter>MFC</Filter>
    </ClInclude>
    <ClInclude Include="Source\StdAfx.h">
      <Filter>MFC</Filter>
    </ClInclude>
    <ClInclude Include="Source\mygame.h">
      <Filter>MyGame</Filter>
    </ClInclude>
    <ClInclude Include="Source\Character.h">
      <Filter>MyGame</Filter>
    </ClInclude>
    <ClInclude Include="Source\Map.h">
      <Filter>MyGame</Filter>
    </ClInclude>
    <ClInclude Include="Source\mesageBox.h" />
    <ClInclude Include="Source\Elementalattack.h" />
  </ItemGroup>
  <ItemGroup>
    <ResourceCompile Include="Source\game.rc">
      <Filter>MFC</Filter>
    </ResourceCompile>
  </ItemGroup>
  <ItemGroup>
    <Image Include="RES\SrollingTestMap.bmp">
      <Filter>Resource Files</Filter>
    </Image>
    <Image Include="RES\map01.bmp">
      <Filter>Resource Files</Filter>
    </Image>
    <Image Include="RES\dog1.png" />
    <Image Include="RES\testMonster.bmp">
      <Filter>Resource Files</Filter>
    </Image>
    <Image Include="RES\m1.bmp">
      <Filter>Resource Files</Filter>
    </Image>
    <Image Include="RES\unA_r\p0.bmp">
      <Filter>Resource Files</Filter>
    </Image>
    <Image Include="RES\unA_r\p1.bmp">
      <Filter>Resource Files</Filter>
    </Image>
    <Image Include="RES\unA_r\p2.bmp">
      <Filter>Resource Files</Filter>
    </Image>
    <Image Include="RES\unA_r\p3.bmp">
      <Filter>Resource Files</Filter>
    </Image>
    <Image Include="RES\unA_r\p4.bmp">
      <Filter>Resource Files</Filter>
    </Image>
    <Image Include="RES\unA_r\p5.bmp">
      <Filter>Resource Files</Filter>
    </Image>
    <Image Include="RES\unA_r\p6.bmp">
      <Filter>Resource Files</Filter>
    </Image>
    <Image Include="RES\unA_l\p0.bmp">
      <Filter>Resource Files</Filter>
    </Image>
    <Image Include="RES\unA_l\p1.bmp">
      <Filter>Resource Files</Filter>
    </Image>
    <Image Include="RES\unA_l\p2.bmp">
      <Filter>Resource Files</Filter>
    </Image>
    <Image Include="RES\unA_l\p3.bmp">
      <Filter>Resource Files</Filter>
    </Image>
    <Image Include="RES\unA_l\p4.bmp">
      <Filter>Resource Files</Filter>
    </Image>
    <Image Include="RES\unA_l\p5.bmp">
      <Filter>Resource Files</Filter>
    </Image>
    <Image Include="RES\unA_l\p6.bmp">
      <Filter>Resource Files</Filter>
    </Image>
    <Image Include="RES\unA_r\j1.bmp">
      <Filter>Resource Files</Filter>
    </Image>
    <Image Include="RES\unA_r\j2.bmp">
      <Filter>Resource Files</Filter>
    </Image>
    <Image Include="RES\unA_l\j1.bmp">
      <Filter>Resource Files</Filter>
    </Image>
    <Image Include="RES\unA_l\j2.bmp">
      <Filter>Resource Files</Filter>
    </Image>
    <Image Include="RES\UI\HP16.bmp">
      <Filter>Resource Files</Filter>
    </Image>
    <Image Include="RES\UI\HP0.bmp">
      <Filter>Resource Files</Filter>
    </Image>
    <Image Include="RES\UI\HP1.bmp">
      <Filter>Resource Files</Filter>
    </Image>
    <Image Include="RES\UI\HP2.bmp">
      <Filter>Resource Files</Filter>
    </Image>
    <Image Include="RES\UI\HP3.bmp">
      <Filter>Resource Files</Filter>
    </Image>
    <Image Include="RES\UI\HP4.bmp">
      <Filter>Resource Files</Filter>
    </Image>
    <Image Include="RES\UI\HP5.bmp">
      <Filter>Resource Files</Filter>
    </Image>
    <Image Include="RES\UI\HP6.bmp">
      <Filter>Resource Files</Filter>
    </Image>
    <Image Include="RES\UI\HP7.bmp">
      <Filter>Resource Files</Filter>
    </Image>
    <Image Include="RES\UI\HP8.bmp">
      <Filter>Resource Files</Filter>
    </Image>
    <Image Include="RES\UI\HP9.bmp">
      <Filter>Resource Files</Filter>
    </Image>
    <Image Include="RES\UI\HP10.bmp">
      <Filter>Resource Files</Filter>
    </Image>
    <Image Include="RES\UI\HP11.bmp">
      <Filter>Resource Files</Filter>
    </Image>
    <Image Include="RES\UI\HP12.bmp">
      <Filter>Resource Files</Filter>
    </Image>
    <Image Include="RES\UI\HP13.bmp">
      <Filter>Resource Files</Filter>
    </Image>
    <Image Include="RES\UI\HP14.bmp">
      <Filter>Resource Files</Filter>
    </Image>
    <Image Include="RES\UI\HP15.bmp">
      <Filter>Resource Files</Filter>
    </Image>
    <Image Include="RES\monster\m1_0.bmp">
      <Filter>Resource Files</Filter>
    </Image>
    <Image Include="RES\monster\m1_1.bmp">
      <Filter>Resource Files</Filter>
    </Image>
    <Image Include="RES\monster\m1_2.bmp">
      <Filter>Resource Files</Filter>
    </Image>
    <Image Include="RES\monster\m1_3.bmp">
      <Filter>Resource Files</Filter>
    </Image>
    <Image Include="RES\monster\m1_4.bmp">
      <Filter>Resource Files</Filter>
    </Image>
    <Image Include="RES\monster\m1_5.bmp">
      <Filter>Resource Files</Filter>
    </Image>
    <Image Include="RES\wep\spear_l.bmp">
      <Filter>Resource Files</Filter>
    </Image>
    <Image Include="RES\wep\spear_r.bmp">
      <Filter>Resource Files</Filter>
    </Image>
    <Image Include="RES\UI\mesBox0.bmp">
      <Filter>Resource Files</Filter>
    </Image>
    <Image Include="RES\UI\mesBox1.bmp">
      <Filter>Resource Files</Filter>
    </Image>
    <Image Include="RES\UI\mesBox2.bmp">
      <Filter>Resource Files</Filter>
    </Image>
    <Image Include="RES\UI\mesBox3.bmp">
      <Filter>Resource Files</Filter>
    </Image>
    <Image Include="RES\UI\mesBox4.bmp">
      <Filter>Resource Files</Filter>
    </Image>
    <Image Include="RES\UI\mesBox5.bmp">
      <Filter>Resource Files</Filter>
    </Image>
    <Image Include="RES\UI\mesBox6.bmp">
      <Filter>Resource Files</Filter>
    </Image>
    <Image Include="RES\UI\mesBox7.bmp">
      <Filter>Resource Files</Filter>
    </Image>
    <Image Include="RES\UI\mesBox8.bmp">
      <Filter>Resource Files</Filter>
    </Image>
    <Image Include="RES\UI\mesBox9.bmp">
      <Filter>Resource Files</Filter>
    </Image>
    <Image Include="RES\UI\mesBox10.bmp">
      <Filter>Resource Files</Filter>
    </Image>
    <Image Include="RES\UI\mesBox11.bmp">
      <Filter>Resource Files</Filter>
    </Image>
    <Image Include="RES\UI\menu0.bmp">
      <Filter>Resource Files</Filter>
    </Image>
    <Image Include="RES\UI\menu1.bmp">
      <Filter>Resource Files</Filter>
    </Image>
    <Image Include="RES\UI\menu2.bmp">
      <Filter>Resource Files</Filter>
    </Image>
    <Image Include="RES\UI\menu3.bmp">
      <Filter>Resource Files</Filter>
    </Image>
    <Image Include="RES\megaMan\UI&amp;weapan\hp_0.bmp">
      <Filter>Resource Files</Filter>
    </Image>
    <Image Include="RES\megaMan\UI&amp;weapan\hp_1.bmp">
      <Filter>Resource Files</Filter>
    </Image>
    <Image Include="RES\megaMan\UI&amp;weapan\hp_button.bmp">
      <Filter>Resource Files</Filter>
    </Image>
    <Image Include="RES\megaMan\UI&amp;weapan\hp_top.bmp">
      <Filter>Resource Files</Filter>
    </Image>
    <Image Include="RES\megaMan\stand\s0.bmp">
      <Filter>Resource Files</Filter>
    </Image>
    <Image Include="RES\megaMan\stand\s1.bmp">
      <Filter>Resource Files</Filter>
    </Image>
    <Image Include="RES\megaMan\stand\s2.bmp">
      <Filter>Resource Files</Filter>
    </Image>
    <Image Include="..RES\unA_l\attack1.bmp">
      <Filter>Resource Files</Filter>
    </Image>
    <Image Include="..RES\unA_r\attack1wep.bmp">
      <Filter>Resource Files</Filter>
    </Image>
    <Image Include="..RES\unA_l\attack1wep.bmp">
      <Filter>Resource Files</Filter>
    </Image>
    <Image Include="..RES\unA_r\attack2.bmp">
      <Filter>Resource Files</Filter>
    </Image>
    <Image Include="..RES\unA_l\attack2.bmp">
      <Filter>Resource Files</Filter>
    </Image>
    <Image Include="..RES\unA_l\attack2wep.bmp">
      <Filter>Resource Files</Filter>
    </Image>
    <Image Include="..RES\unA_r\attack2wep.bmp">
      <Filter>Resource Files</Filter>
    </Image>
    <Image Include="..res\bitmap3.bmp">
      <Filter>Resource Files</Filter>
    </Image>
    <Image Include="..RES\death\dameage.bmp">
      <Filter>Resource Files</Filter>
    </Image>
    <Image Include="..RES\death\death1.bmp">
      <Filter>Resource Files</Filter>
    </Image>
    <Image Include="..RES\death\death2.bmp">
      <Filter>Resource Files</Filter>
    </Image>
    <Image Include="..RES\death\death3.bmp">
      <Filter>Resource Files</Filter>
    </Image>
    <Image Include="..RES\death\death4.bmp">
      <Filter>Resource Files</Filter>
    </Image>
    <Image Include="..RES\death\death5.bmp">
      <Filter>Resource Files</Filter>
    </Image>
    <Image Include="..RES\dog1.bmp">
      <Filter>Resource Files</Filter>
    </Image>
    <Image Include="..RES\UI\gameover0.bmp">
      <Filter>Resource Files</Filter>
    </Image>
    <Image Include="..RES\UI\gameover2.bmp">
      <Filter>Resource Files</Filter>
    </Image>
    <Image Include="..RES\UI\gameover3.bmp">
      <Filter>Resource Files</Filter>
    </Image>
    <Image Include="..RES\UI\gameover4.bmp">
      <Filter>Resource Files</Filter>
    </Image>
    <Image Include="..RES\UI\gameover5.bmp">
      <Filter>Resource Files</Filter>
    </Image>
    <Image Include="..RES\UI\gameover6.bmp">
      <Filter>Resource Files</Filter>
    </Image>
    <Image Include="..RES\UI\gameover7.bmp">
      <Filter>Resource Files</Filter>
    </Image>
    <Image Include="..RES\UI\gameover8.bmp">
      <Filter>Resource Files</Filter>
    </Image>
    <Image Include="..RES\ground1.bmp">
      <Filter>Resource Files</Filter>
    </Image>
    <Image Include="..RES\ground2.bmp">
      <Filter>Resource Files</Filter>
    </Image>
    <Image Include="..RES\ground3.bmp">
      <Filter>Resource Files</Filter>
    </Image>
    <Image Include="..RES\ground4.bmp">
      <Filter>Resource Files</Filter>
    </Image>
    <Image Include="..RES\ground5.bmp">
      <Filter>Resource Files</Filter>
    </Image>
    <Image Include="..RES\ground6.bmp">
      <Filter>Resource Files</Filter>
    </Image>
    <Image Include="..RES\ground7.bmp">
      <Filter>Resource Files</Filter>
    </Image>
    <Image Include="RES\unA_r\attack1.bmp">
      <Filter>Resource Files</Filter>
    </Image>
    <Image Include="res\ball.bmp">
      <Filter>Resource Files</Filter>
    </Image>
    <Image Include="res\eraser1.bmp">
      <Filter>Resource Files</Filter>
    </Image>
    <Image Include="res\corner.bmp">
      <Filter>Resource Files</Filter>
    </Image>
    <Image Include="res\bmp0.bmp">
      <Filter>Resource Files</Filter>
    </Image>
    <Image Include="res\bmp1.bmp">
      <Filter>Resource Files</Filter>
    </Image>
    <Image Include="res\bmp2.bmp">
      <Filter>Resource Files</Filter>
    </Image>
    <Image Include="res\bmp3.bmp">
      <Filter>Resource Files</Filter>
    </Image>
    <Image Include="res\bmp4.bmp">
      <Filter>Resource Files</Filter>
    </Image>
    <Image Include="res\bmp5.bmp">
      <Filter>Resource Files</Filter>
    </Image>
    <Image Include="res\bmp6.bmp">
      <Filter>Resource Files</Filter>
    </Image>
    <Image Include="res\bmp7.bmp">
      <Filter>Resource Files</Filter>
    </Image>
    <Image Include="res\bmp8.bmp">
      <Filter>Resource Files</Filter>
    </Image>
    <Image Include="res\bmp9.bmp">
      <Filter>Resource Files</Filter>
    </Image>
    <Image Include="res\bmp10.bmp">
      <Filter>Resource Files</Filter>
    </Image>
    <Image Include="res\center.bmp">
      <Filter>Resource Files</Filter>
    </Image>
    <Image Include="res\eraser2.bmp">
      <Filter>Resource Files</Filter>
    </Image>
    <Image Include="res\eraser3.bmp">
      <Filter>Resource Files</Filter>
    </Image>
    <Image Include="res\continue.bmp">
      <Filter>Resource Files</Filter>
    </Image>
    <Image Include="res\bitmap3.bmp">
      <Filter>Resource Files</Filter>
    </Image>
    <Image Include="res\dog1.bmp">
      <Filter>Resource Files</Filter>
    </Image>
    <Image Include="res\unA_l\attack1.bmp">
      <Filter>Resource Files</Filter>
    </Image>
    <Image Include="res\unA_l\attack2.bmp">
      <Filter>Resource Files</Filter>
    </Image>
    <Image Include="res\unA_r\attack2.bmp">
      <Filter>Resource Files</Filter>
    </Image>
    <Image Include="res\ground1.bmp">
      <Filter>Resource Files</Filter>
    </Image>
    <Image Include="res\ground2.bmp">
      <Filter>Resource Files</Filter>
    </Image>
    <Image Include="res\ground3.bmp">
      <Filter>Resource Files</Filter>
    </Image>
    <Image Include="res\ground4.bmp">
      <Filter>Resource Files</Filter>
    </Image>
    <Image Include="res\ground5.bmp">
      <Filter>Resource Files</Filter>
    </Image>
    <Image Include="res\ground6.bmp">
      <Filter>Resource Files</Filter>
    </Image>
    <Image Include="res\ground7.bmp">
      <Filter>Resource Files</Filter>
    </Image>
    <Image Include="res\UI\gameover0.bmp">
      <Filter>Resource Files</Filter>
    </Image>
    <Image Include="res\UI\gameover2.bmp">
      <Filter>Resource Files</Filter>
    </Image>
    <Image Include="res\UI\gameover3.bmp">
      <Filter>Resource Files</Filter>
    </Image>
    <Image Include="res\UI\gameover4.bmp">
      <Filter>Resource Files</Filter>
    </Image>
    <Image Include="res\UI\gameover5.bmp">
      <Filter>Resource Files</Filter>
    </Image>
    <Image Include="res\UI\gameover6.bmp">
      <Filter>Resource Files</Filter>
    </Image>
    <Image Include="res\UI\gameover7.bmp">
      <Filter>Resource Files</Filter>
    </Image>
    <Image Include="res\UI\gameover8.bmp">
      <Filter>Resource Files</Filter>
    </Image>
    <Image Include="res\death\dameage.bmp">
      <Filter>Resource Files</Filter>
    </Image>
    <Image Include="res\death\death1.bmp">
      <Filter>Resource Files</Filter>
    </Image>
    <Image Include="res\death\death2.bmp">
      <Filter>Resource Files</Filter>
    </Image>
    <Image Include="res\death\death3.bmp">
      <Filter>Resource Files</Filter>
    </Image>
    <Image Include="res\death\death4.bmp">
      <Filter>Resource Files</Filter>
    </Image>
    <Image Include="res\death\death5.bmp">
      <Filter>Resource Files</Filter>
    </Image>
    <Image Include="res\unA_r\attack1wep.bmp">
      <Filter>Resource Files</Filter>
    </Image>
    <Image Include="res\unA_r\attack2wep.bmp">
      <Filter>Resource Files</Filter>
    </Image>
    <Image Include="res\unA_l\attack1wep.bmp">
      <Filter>Resource Files</Filter>
    </Image>
    <Image Include="res\unA_l\attack2wep.bmp">
      <Filter>Resource Files</Filter>
    </Image>
    <Image Include="res\game.ico">
      <Filter>Resource Files</Filter>
    </Image>
    <Image Include="res\gameDoc.ico">
      <Filter>Resource Files</Filter>
    </Image>
    <Image Include="res\megaMan\R\stand\s0.bmp">
      <Filter>Resource Files</Filter>
    </Image>
    <Image Include="res\megaMan\R\stand\s1.bmp">
      <Filter>Resource Files</Filter>
    </Image>
    <Image Include="res\megaMan\R\stand\s2.bmp">
      <Filter>Resource Files</Filter>
    </Image>
    <Image Include="res\megaMan\UI\hp_0.bmp">
      <Filter>Resource Files</Filter>
    </Image>
    <Image Include="res\megaMan\UI\hp_1.bmp">
      <Filter>Resource Files</Filter>
    </Image>
    <Image Include="res\megaMan\UI\hp_button.bmp">
      <Filter>Resource Files</Filter>
    </Image>
    <Image Include="res\megaMan\UI\hp_top.bmp">
      <Filter>Resource Files</Filter>
    </Image>
    <Image Include="RES\megaMan\R\run\r0.bmp">
      <Filter>Resource Files</Filter>
    </Image>
    <Image Include="RES\megaMan\R\run\r1.bmp">
      <Filter>Resource Files</Filter>
    </Image>
    <Image Include="RES\megaMan\R\run\r2.bmp">
      <Filter>Resource Files</Filter>
    </Image>
    <Image Include="RES\megaMan\R\run\r3.bmp">
      <Filter>Resource Files</Filter>
    </Image>
    <Image Include="RES\megaMan\R\run\r4.bmp">
      <Filter>Resource Files</Filter>
    </Image>
    <Image Include="RES\megaMan\R\run\r5.bmp">
      <Filter>Resource Files</Filter>
    </Image>
    <Image Include="RES\megaMan\R\run\r6.bmp">
      <Filter>Resource Files</Filter>
    </Image>
    <Image Include="RES\megaMan\R\run\r7.bmp">
      <Filter>Resource Files</Filter>
    </Image>
    <Image Include="RES\megaMan\R\run\r8.bmp">
      <Filter>Resource Files</Filter>
    </Image>
    <Image Include="RES\megaMan\R\run\r9.bmp">
      <Filter>Resource Files</Filter>
    </Image>
    <Image Include="RES\megaMan\R\run\r10.bmp">
      <Filter>Resource Files</Filter>
    </Image>
    <Image Include="RES\megaMan\R\run\r11.bmp">
      <Filter>Resource Files</Filter>
    </Image>
    <Image Include="RES\megaMan\R\jump\j0.bmp">
      <Filter>Resource Files</Filter>
    </Image>
    <Image Include="RES\megaMan\R\jump\j1.bmp">
      <Filter>Resource Files</Filter>
    </Image>
    <Image Include="RES\megaMan\R\jump\j2.bmp">
      <Filter>Resource Files</Filter>
    </Image>
    <Image Include="RES\megaMan\R\jump\j3.bmp">
      <Filter>Resource Files</Filter>
    </Image>
    <Image Include="RES\megaMan\R\jump\j4.bmp">
      <Filter>Resource Files</Filter>
    </Image>
    <Image Include="RES\megaMan\R\jump\j5.bmp">
      <Filter>Resource Files</Filter>
    </Image>
    <Image Include="RES\megaMan\R\atk_far\a0.bmp">
      <Filter>Resource Files</Filter>
    </Image>
    <Image Include="RES\megaMan\R\atk_far\a1.bmp">
      <Filter>Resource Files</Filter>
    </Image>
    <Image Include="RES\megaMan\R\atk_close\a0.bmp">
      <Filter>Resource Files</Filter>
    </Image>
    <Image Include="RES\megaMan\R\atk_close\a1.bmp">
      <Filter>Resource Files</Filter>
    </Image>
    <Image Include="RES\megaMan\R\atk_close\a2.bmp">
      <Filter>Resource Files</Filter>
    </Image>
    <Image Include="RES\megaMan\R\atk_close\a3.bmp">
      <Filter>Resource Files</Filter>
    </Image>
    <Image Include="RES\pics\站\p8.bmp">
      <Filter>Resource Files</Filter>
    </Image>
    <Image Include="RES\megaMan\R\atk_close\a4.bmp">
      <Filter>Resource Files</Filter>
    </Image>
    <Image Include="RES\megaMan\R\atk_close\a5.bmp">
      <Filter>Resource Files</Filter>
    </Image>
    <Image Include="RES\megaMan\R\atk_close\a6.bmp">
      <Filter>Resource Files</Filter>
    </Image>
    <Image Include="RES\megaMan\R\atk_close\a7.bmp">
      <Filter>Resource Files</Filter>
    </Image>
    <Image Include="RES\megaMan\R\atk_close\a8.bmp">
      <Filter>Resource Files</Filter>
    </Image>
    <Image Include="RES\megaMan\R\atk_close\a9.bmp">
      <Filter>Resource Files</Filter>
    </Image>
    <Image Include="RES\megaMan\R\j_atk_far\up\p41.bmp">
      <Filter>Resource Files</Filter>
    </Image>
    <Image Include="RES\megaMan\R\j_atk_far\up\p42.bmp">
      <Filter>Resource Files</Filter>
    </Image>
    <Image Include="RES\megaMan\R\j_atk_far\up\p43.bmp">
      <Filter>Resource Files</Filter>
    </Image>
    <Image Include="RES\megaMan\R\j_atk_far\down\p44.bmp">
      <Filter>Resource Files</Filter>
    </Image>
    <Image Include="RES\megaMan\R\j_atk_far\down\p45.bmp">
      <Filter>Resource Files</Filter>
    </Image>
    <Image Include="RES\megaMan\R\j_atk_close\77.bmp">
      <Filter>Resource Files</Filter>
    </Image>
    <Image Include="RES\megaMan\R\j_atk_close\78.bmp">
      <Filter>Resource Files</Filter>
    </Image>
    <Image Include="RES\megaMan\R\j_atk_close\79.bmp">
      <Filter>Resource Files</Filter>
    </Image>
    <Image Include="RES\megaMan\R\j_atk_close\80.bmp">
      <Filter>Resource Files</Filter>
    </Image>
    <Image Include="RES\megaMan\R\j_atk_close\81.bmp">
      <Filter>Resource Files</Filter>
    </Image>
    <Image Include="RES\megaMan\R\j_atk_close\82.bmp">
      <Filter>Resource Files</Filter>
    </Image>
    <Image Include="RES\megaMan\R\j_atk_close\83.bmp">
      <Filter>Resource Files</Filter>
    </Image>
    <Image Include="RES\megaMan\R\j_atk_close\84.bmp">
      <Filter>Resource Files</Filter>
    </Image>
    <Image Include="RES\megaMan\R\j_atk_close\85.bmp">
      <Filter>Resource Files</Filter>
    </Image>
    <Image Include="RES\megaMan\R\j_atk_close\86.bmp">
      <Filter>Resource Files</Filter>
    </Image>
    <Image Include="RES\megaMan\R\m_atk_far\p26.bmp">
      <Filter>Resource Files</Filter>
    </Image>
    <Image Include="RES\megaMan\R\m_atk_far\p27.bmp">
      <Filter>Resource Files</Filter>
    </Image>
    <Image Include="RES\megaMan\R\m_atk_far\p28.bmp">
      <Filter>Resource Files</Filter>
    </Image>
    <Image Include="RES\megaMan\R\m_atk_far\p29.bmp">
      <Filter>Resource Files</Filter>
    </Image>
    <Image Include="RES\megaMan\R\m_atk_far\p30.bmp">
      <Filter>Resource Files</Filter>
    </Image>
    <Image Include="RES\megaMan\R\m_atk_far\p31.bmp">
      <Filter>Resource Files</Filter>
    </Image>
    <Image Include="RES\megaMan\R\m_atk_far\p32.bmp">
      <Filter>Resource Files</Filter>
    </Image>
    <Image Include="RES\megaMan\R\m_atk_far\p33.bmp">
      <Filter>Resource Files</Filter>
    </Image>
    <Image Include="RES\megaMan\R\m_atk_far\p34.bmp">
      <Filter>Resource Files</Filter>
    </Image>
    <Image Include="RES\megaMan\R\m_atk_far\p35.bmp">
      <Filter>Resource Files</Filter>
    </Image>
    <Image Include="RES\megaMan\Appearance\p1.bmp">
      <Filter>Resource Files</Filter>
    </Image>
    <Image Include="RES\megaMan\Appearance\p2.bmp">
      <Filter>Resource Files</Filter>
    </Image>
    <Image Include="RES\megaMan\Appearance\p3.bmp">
      <Filter>Resource Files</Filter>
    </Image>
    <Image Include="RES\megaMan\Appearance\p4.bmp">
      <Filter>Resource Files</Filter>
    </Image>
    <Image Include="RES\megaMan\Appearance\p5.bmp">
      <Filter>Resource Files</Filter>
    </Image>
    <Image Include="RES\megaMan\Appearance\p6.bmp">
      <Filter>Resource Files</Filter>
    </Image>
    <Image Include="RES\megaMan\Appearance\p7.bmp">
      <Filter>Resource Files</Filter>
    </Image>
    <Image Include="RES\megaMan\Appearance\p8.bmp">
      <Filter>Resource Files</Filter>
    </Image>
    <Image Include="RES\megaMan\R\weapan\b0.bmp">
      <Filter>Resource Files</Filter>
    </Image>
    <Image Include="RES\megaMan\R\weapan\b1.bmp">
      <Filter>Resource Files</Filter>
    </Image>
    <Image Include="RES\megaMan\R\weapan\b2_Hit.bmp">
      <Filter>Resource Files</Filter>
    </Image>
    <Image Include="RES\megaMan\R\death\56.bmp">
      <Filter>Resource Files</Filter>
    </Image>
    <Image Include="RES\megaMan\R\death\57.bmp">
      <Filter>Resource Files</Filter>
    </Image>
    <Image Include="RES\megaMan\R\death\58.bmp">
      <Filter>Resource Files</Filter>
    </Image>
    <Image Include="RES\megaMan\R\death\59.bmp">
      <Filter>Resource Files</Filter>
    </Image>
    <Image Include="RES\megaMan\R\death\60.bmp">
      <Filter>Resource Files</Filter>
    </Image>
    <Image Include="RES\megaMan\R\death\61.bmp">
      <Filter>Resource Files</Filter>
    </Image>
    <Image Include="RES\megaMan\R\death\62.bmp">
      <Filter>Resource Files</Filter>
    </Image>
    <Image Include="RES\megaMan\R\death\63.bmp">
      <Filter>Resource Files</Filter>
    </Image>
    <Image Include="RES\megaMan\R\death\64.bmp">
      <Filter>Resource Files</Filter>
    </Image>
    <Image Include="RES\megaMan\R\damage\64.bmp">
      <Filter>Resource Files</Filter>
    </Image>
    <Image Include="RES\megaMan\R\damage\65.bmp">
      <Filter>Resource Files</Filter>
    </Image>
    <Image Include="RES\megaMan\R\damage\66.bmp">
      <Filter>Resource Files</Filter>
    </Image>
    <Image Include="RES\megaMan\effect\L11.bmp">
      <Filter>Resource Files</Filter>
    </Image>
    <Image Include="RES\megaMan\effect\L12.bmp">
      <Filter>Resource Files</Filter>
    </Image>
    <Image Include="RES\megaMan\effect\L13.bmp">
      <Filter>Resource Files</Filter>
    </Image>
    <Image Include="RES\megaMan\effect\L14.bmp">
      <Filter>Resource Files</Filter>
    </Image>
    <Image Include="RES\megaMan\effect\L15.bmp">
      <Filter>Resource Files</Filter>
    </Image>
    <Image Include="RES\megaMan\effect\L21.bmp">
      <Filter>Resource Files</Filter>
    </Image>
    <Image Include="RES\megaMan\effect\L22.bmp">
      <Filter>Resource Files</Filter>
    </Image>
    <Image Include="RES\megaMan\effect\L23.bmp">
      <Filter>Resource Files</Filter>
    </Image>
    <Image Include="RES\megaMan\effect\L24.bmp">
      <Filter>Resource Files</Filter>
    </Image>
    <Image Include="RES\megaMan\effect\L25.bmp">
      <Filter>Resource Files</Filter>
    </Image>
    <Image Include="RES\megaMan\R\dash\p56.bmp">
      <Filter>Resource Files</Filter>
    </Image>
    <Image Include="RES\megaMan\R\dash\p57.bmp">
      <Filter>Resource Files</Filter>
    </Image>
    <Image Include="RES\megaMan\R\dash_atk\p58.bmp">
      <Filter>Resource Files</Filter>
    </Image>
    <Image Include="RES\megaMan\R\dash_atk\p59.bmp">
      <Filter>Resource Files</Filter>
    </Image>
    <Image Include="RES\megaMan\UI\energy1_0.bmp">
      <Filter>Resource Files</Filter>
    </Image>
    <Image Include="RES\megaMan\UI\energy1_1.bmp">
      <Filter>Resource Files</Filter>
    </Image>
    <Image Include="RES\megaMan\UI\energy1_button.bmp">
      <Filter>Resource Files</Filter>
    </Image>
    <Image Include="RES\megaMan\UI\energy2_button.bmp">
      <Filter>Resource Files</Filter>
    </Image>
    <Image Include="RES\megaMan\UI\energy3_button.bmp">
      <Filter>Resource Files</Filter>
    </Image>
    <Image Include="RES\megaMan\UI\energy_0.bmp">
      <Filter>Resource Files</Filter>
    </Image>
    <Image Include="RES\megaMan\UI\energy_1.bmp">
      <Filter>Resource Files</Filter>
    </Image>
    <Image Include="RES\megaMan\UI\energy_top.bmp">
      <Filter>Resource Files</Filter>
    </Image>
    <Image Include="RES\megaMan\effect\L31.bmp">
      <Filter>Resource Files</Filter>
    </Image>
    <Image Include="RES\megaMan\effect\L32.bmp">
      <Filter>Resource Files</Filter>
    </Image>
    <Image Include="RES\megaMan\effect\L33.bmp">
      <Filter>Resource Files</Filter>
    </Image>
    <Image Include="RES\megaMan\effect\L34.bmp">
      <Filter>Resource Files</Filter>
    </Image>
    <Image Include="RES\megaMan\effect\L35.bmp">
      <Filter>Resource Files</Filter>
    </Image>
    <Image Include="res\megaMan\R\weapan\b2.bmp">
      <Filter>Resource Files</Filter>
    </Image>
    <Image Include="RES\megaMan\R\weapan\h1.bmp">
      <Filter>Resource Files</Filter>
    </Image>
    <Image Include="RES\megaMan\R\weapan\h2.bmp">
      <Filter>Resource Files</Filter>
    </Image>
    <Image Include="RES\megaMan\R\weapan\h3.bmp">
      <Filter>Resource Files</Filter>
    </Image>
    <Image Include="RES\megaMan\R\weapan\h4.bmp">
      <Filter>Resource Files</Filter>
    </Image>
    <Image Include="RES\megaMan\R\weapan\h5.bmp">
      <Filter>Resource Files</Filter>
    </Image>
    <Image Include="RES\megaMan\R\weapan\h6.bmp">
      <Filter>Resource Files</Filter>
    </Image>
    <Image Include="RES\megaMan\R\weapan\h7.bmp">
      <Filter>Resource Files</Filter>
    </Image>
    <Image Include="RES\megaMan\R\weapan\h8.bmp">
      <Filter>Resource Files</Filter>
    </Image>
    <Image Include="RES\megaMan\R\weapan\b00.bmp">
      <Filter>Resource Files</Filter>
    </Image>
    <Image Include="RES\megaMan\R\weapan\h9.bmp">
      <Filter>Resource Files</Filter>
    </Image>
    <Image Include="RES\megaMan\R\weapan\h10.bmp">
      <Filter>Resource Files</Filter>
    </Image>
    <Image Include="RES\megaMan\R\weapan\h11.bmp">
      <Filter>Resource Files</Filter>
    </Image>
    <Image Include="RES\m2.bmp">
      <Filter>Resource Files</Filter>
    </Image>
    <Image Include="RES\megaMan\L\atk_close\a0.bmp">
      <Filter>Resource Files</Filter>
    </Image>
    <Image Include="RES\megaMan\L\atk_close\a1.bmp">
      <Filter>Resource Files</Filter>
    </Image>
    <Image Include="RES\megaMan\L\atk_close\a2.bmp">
      <Filter>Resource Files</Filter>
    </Image>
    <Image Include="RES\megaMan\L\atk_close\a3.bmp">
      <Filter>Resource Files</Filter>
    </Image>
    <Image Include="RES\megaMan\L\atk_close\a4.bmp">
      <Filter>Resource Files</Filter>
    </Image>
    <Image Include="RES\megaMan\L\atk_close\a5.bmp">
      <Filter>Resource Files</Filter>
    </Image>
    <Image Include="RES\megaMan\L\atk_close\a6.bmp">
      <Filter>Resource Files</Filter>
    </Image>
    <Image Include="RES\megaMan\L\atk_close\a7.bmp">
      <Filter>Resource Files</Filter>
    </Image>
    <Image Include="RES\megaMan\L\atk_close\a8.bmp">
      <Filter>Resource Files</Filter>
    </Image>
    <Image Include="RES\megaMan\L\atk_close\a9.bmp">
      <Filter>Resource Files</Filter>
    </Image>
    <Image Include="RES\megaMan\L\atk_far\a0.bmp">
      <Filter>Resource Files</Filter>
    </Image>
    <Image Include="RES\megaMan\L\atk_far\a1.bmp">
      <Filter>Resource Files</Filter>
    </Image>
    <Image Include="RES\megaMan\L\damage\64.bmp">
      <Filter>Resource Files</Filter>
    </Image>
    <Image Include="RES\megaMan\L\damage\65.bmp">
      <Filter>Resource Files</Filter>
    </Image>
    <Image Include="RES\megaMan\L\damage\66.bmp">
      <Filter>Resource Files</Filter>
    </Image>
    <Image Include="RES\megaMan\L\dash\p56.bmp">
      <Filter>Resource Files</Filter>
    </Image>
    <Image Include="RES\megaMan\L\dash\p57.bmp">
      <Filter>Resource Files</Filter>
    </Image>
    <Image Include="RES\megaMan\L\dash_atk\p58.bmp">
      <Filter>Resource Files</Filter>
    </Image>
    <Image Include="RES\megaMan\L\dash_atk\p59.bmp">
      <Filter>Resource Files</Filter>
    </Image>
    <Image Include="RES\megaMan\L\death\56.bmp">
      <Filter>Resource Files</Filter>
    </Image>
    <Image Include="RES\megaMan\L\death\57.bmp">
      <Filter>Resource Files</Filter>
    </Image>
    <Image Include="RES\megaMan\L\death\58.bmp">
      <Filter>Resource Files</Filter>
    </Image>
    <Image Include="RES\megaMan\L\death\59.bmp">
      <Filter>Resource Files</Filter>
    </Image>
    <Image Include="RES\megaMan\L\death\60.bmp">
      <Filter>Resource Files</Filter>
    </Image>
    <Image Include="RES\megaMan\L\death\61.bmp">
      <Filter>Resource Files</Filter>
    </Image>
    <Image Include="RES\megaMan\L\death\62.bmp">
      <Filter>Resource Files</Filter>
    </Image>
    <Image Include="RES\megaMan\L\death\63.bmp">
      <Filter>Resource Files</Filter>
    </Image>
    <Image Include="RES\megaMan\L\death\64 - 複製.bmp">
      <Filter>Resource Files</Filter>
    </Image>
    <Image Include="RES\megaMan\L\death\64.bmp">
      <Filter>Resource Files</Filter>
    </Image>
    <Image Include="RES\megaMan\L\j_atk_close\77.bmp">
      <Filter>Resource Files</Filter>
    </Image>
    <Image Include="RES\megaMan\L\j_atk_close\78.bmp">
      <Filter>Resource Files</Filter>
    </Image>
    <Image Include="RES\megaMan\L\j_atk_close\79.bmp">
      <Filter>Resource Files</Filter>
    </Image>
    <Image Include="RES\megaMan\L\j_atk_close\80.bmp">
      <Filter>Resource Files</Filter>
    </Image>
    <Image Include="RES\megaMan\L\j_atk_close\81.bmp">
      <Filter>Resource Files</Filter>
    </Image>
    <Image Include="RES\megaMan\L\j_atk_close\82.bmp">
      <Filter>Resource Files</Filter>
    </Image>
    <Image Include="RES\megaMan\L\j_atk_close\83.bmp">
      <Filter>Resource Files</Filter>
    </Image>
    <Image Include="RES\megaMan\L\j_atk_close\84.bmp">
      <Filter>Resource Files</Filter>
    </Image>
    <Image Include="RES\megaMan\L\j_atk_close\85.bmp">
      <Filter>Resource Files</Filter>
    </Image>
    <Image Include="RES\megaMan\L\j_atk_close\86.bmp">
      <Filter>Resource Files</Filter>
    </Image>
    <Image Include="RES\megaMan\L\j_atk_far\down\p44.bmp">
      <Filter>Resource Files</Filter>
    </Image>
    <Image Include="RES\megaMan\L\j_atk_far\down\p45.bmp">
      <Filter>Resource Files</Filter>
    </Image>
    <Image Include="RES\megaMan\L\j_atk_far\up\p41.bmp">
      <Filter>Resource Files</Filter>
    </Image>
    <Image Include="RES\megaMan\L\j_atk_far\up\p42.bmp">
      <Filter>Resource Files</Filter>
    </Image>
    <Image Include="RES\megaMan\L\j_atk_far\up\p43.bmp">
      <Filter>Resource Files</Filter>
    </Image>
    <Image Include="RES\megaMan\L\jump\j0.bmp">
      <Filter>Resource Files</Filter>
    </Image>
    <Image Include="RES\megaMan\L\jump\j1.bmp">
      <Filter>Resource Files</Filter>
    </Image>
    <Image Include="RES\megaMan\L\jump\j2.bmp">
      <Filter>Resource Files</Filter>
    </Image>
    <Image Include="RES\megaMan\L\jump\j3.bmp">
      <Filter>Resource Files</Filter>
    </Image>
    <Image Include="RES\megaMan\L\jump\j4.bmp">
      <Filter>Resource Files</Filter>
    </Image>
    <Image Include="RES\megaMan\L\m_atk_far\p26.bmp">
      <Filter>Resource Files</Filter>
    </Image>
    <Image Include="RES\megaMan\L\m_atk_far\p27.bmp">
      <Filter>Resource Files</Filter>
    </Image>
    <Image Include="RES\megaMan\L\m_atk_far\p28.bmp">
      <Filter>Resource Files</Filter>
    </Image>
    <Image Include="RES\megaMan\L\m_atk_far\p29.bmp">
      <Filter>Resource Files</Filter>
    </Image>
    <Image Include="RES\megaMan\L\m_atk_far\p30.bmp">
      <Filter>Resource Files</Filter>
    </Image>
    <Image Include="RES\megaMan\L\m_atk_far\p31.bmp">
      <Filter>Resource Files</Filter>
    </Image>
    <Image Include="RES\megaMan\L\m_atk_far\p32.bmp">
      <Filter>Resource Files</Filter>
    </Image>
    <Image Include="RES\megaMan\L\m_atk_far\p33.bmp">
      <Filter>Resource Files</Filter>
    </Image>
    <Image Include="RES\megaMan\L\m_atk_far\p34.bmp">
      <Filter>Resource Files</Filter>
    </Image>
    <Image Include="RES\megaMan\L\m_atk_far\p35.bmp">
      <Filter>Resource Files</Filter>
    </Image>
    <Image Include="RES\megaMan\L\run\r1.bmp">
      <Filter>Resource Files</Filter>
    </Image>
    <Image Include="RES\megaMan\L\run\r2.bmp">
      <Filter>Resource Files</Filter>
    </Image>
    <Image Include="RES\megaMan\L\run\r3.bmp">
      <Filter>Resource Files</Filter>
    </Image>
    <Image Include="RES\megaMan\L\run\r4.bmp">
      <Filter>Resource Files</Filter>
    </Image>
    <Image Include="RES\megaMan\L\run\r5.bmp">
      <Filter>Resource Files</Filter>
    </Image>
    <Image Include="RES\megaMan\L\run\r6.bmp">
      <Filter>Resource Files</Filter>
    </Image>
    <Image Include="RES\megaMan\L\run\r7.bmp">
      <Filter>Resource Files</Filter>
    </Image>
    <Image Include="RES\megaMan\L\run\r8.bmp">
      <Filter>Resource Files</Filter>
    </Image>
    <Image Include="RES\megaMan\L\run\r9.bmp">
      <Filter>Resource Files</Filter>
    </Image>
    <Image Include="RES\megaMan\L\run\r10.bmp">
      <Filter>Resource Files</Filter>
    </Image>
    <Image Include="RES\megaMan\L\run\r11.bmp">
      <Filter>Resource Files</Filter>
    </Image>
    <Image Include="RES\megaMan\L\stand\s0.bmp">
      <Filter>Resource Files</Filter>
    </Image>
    <Image Include="RES\megaMan\L\stand\s1.bmp">
      <Filter>Resource Files</Filter>
    </Image>
    <Image Include="RES\megaMan\L\stand\s2.bmp">
      <Filter>Resource Files</Filter>
    </Image>
    <Image Include="RES\megaMan\L\weapan\b00.bmp">
      <Filter>Resource Files</Filter>
    </Image>
    <Image Include="RES\megaMan\L\weapan\b0.bmp">
      <Filter>Resource Files</Filter>
    </Image>
    <Image Include="RES\megaMan\L\weapan\b1.bmp">
      <Filter>Resource Files</Filter>
    </Image>
    <Image Include="RES\megaMan\L\weapan\b2.bmp">
      <Filter>Resource Files</Filter>
    </Image>
    <Image Include="RES\megaMan\L\weapan\h1.bmp">
      <Filter>Resource Files</Filter>
    </Image>
    <Image Include="RES\megaMan\L\weapan\h2.bmp">
      <Filter>Resource Files</Filter>
    </Image>
    <Image Include="RES\megaMan\L\weapan\h3.bmp">
      <Filter>Resource Files</Filter>
    </Image>
    <Image Include="RES\megaMan\L\weapan\h4.bmp">
      <Filter>Resource Files</Filter>
    </Image>
    <Image Include="RES\megaMan\L\weapan\h5.bmp">
      <Filter>Resource Files</Filter>
    </Image>
    <Image Include="RES\megaMan\L\weapan\h6.bmp">
      <Filter>Resource Files</Filter>
    </Image>
    <Image Include="RES\megaMan\L\weapan\h7.bmp">
      <Filter>Resource Files</Filter>
    </Image>
    <Image Include="RES\megaMan\L\weapan\h8.bmp">
      <Filter>Resource Files</Filter>
    </Image>
    <Image Include="RES\megaMan\L\weapan\h9.bmp">
      <Filter>Resource Files</Filter>
    </Image>
    <Image Include="RES\megaMan\L\weapan\h10.bmp">
      <Filter>Resource Files</Filter>
    </Image>
    <Image Include="RES\megaMan\L\weapan\h11.bmp">
      <Filter>Resource Files</Filter>
    </Image>
    <Image Include="RES\Space_bar0.bmp">
      <Filter>Resource Files</Filter>
    </Image>
    <Image Include="RES\Space_bar1.bmp">
      <Filter>Resource Files</Filter>
    </Image>
    <Image Include="RES\megaMan\R\weapan\1_0.bmp">
      <Filter>Resource Files</Filter>
    </Image>
    <Image Include="RES\megaMan\R\weapan\1_1.bmp">
      <Filter>Resource Files</Filter>
    </Image>
    <Image Include="RES\megaMan\R\weapan\1_2.bmp">
      <Filter>Resource Files</Filter>
    </Image>
    <Image Include="RES\megaMan\R\weapan\1_3.bmp">
      <Filter>Resource Files</Filter>
    </Image>
    <Image Include="RES\megaMan\R\weapan\2_0.bmp">
      <Filter>Resource Files</Filter>
    </Image>
    <Image Include="RES\megaMan\R\weapan\2_1.bmp">
      <Filter>Resource Files</Filter>
    </Image>
    <Image Include="RES\megaMan\R\weapan\2_2.bmp">
      <Filter>Resource Files</Filter>
    </Image>
    <Image Include="RES\megaMan\R\weapan\2_3.bmp">
      <Filter>Resource Files</Filter>
    </Image>
    <Image Include="RES\megaMan\R\weapan\3_0.bmp">
      <Filter>Resource Files</Filter>
    </Image>
    <Image Include="RES\megaMan\R\weapan\3_1.bmp">
      <Filter>Resource Files</Filter>
    </Image>
    <Image Include="RES\megaMan\R\weapan\3_2.bmp">
      <Filter>Resource Files</Filter>
    </Image>
    <Image Include="RES\megaMan\R\weapan\3_3.bmp">
      <Filter>Resource Files</Filter>
    </Image>
    <Image Include="RES\megaMan\R\weapan\4_0.bmp">
      <Filter>Resource Files</Filter>
    </Image>
    <Image Include="RES\megaMan\R\weapan\4_1.bmp">
      <Filter>Resource Files</Filter>
    </Image>
    <Image Include="RES\megaMan\R\weapan\4_2.bmp">
      <Filter>Resource Files</Filter>
    </Image>
    <Image Include="RES\megaMan\R\weapan\4_3.bmp">
      <Filter>Resource Files</Filter>
    </Image>
    <Image Include="RES\megaMan\R\weapan\5_0.bmp">
      <Filter>Resource Files</Filter>
    </Image>
    <Image Include="RES\megaMan\R\weapan\5_1.bmp">
      <Filter>Resource Files</Filter>
    </Image>
    <Image Include="RES\megaMan\R\weapan\5_2.bmp">
      <Filter>Resource Files</Filter>
    </Image>
    <Image Include="RES\megaMan\R\weapan\5_3.bmp">
      <Filter>Resource Files</Filter>
    </Image>
    <Image Include="RES\megaMan\R\weapan\5.bmp">
      <Filter>Resource Files</Filter>
    </Image>
    <Image Include="RES\megaMan\R\weapan\6.bmp">
      <Filter>Resource Files</Filter>
    </Image>
    <Image Include="RES\megaMan\R\weapan\7.bmp">
      <Filter>Resource Files</Filter>
    </Image>
    <Image Include="RES\megaMan\R\weapan\8.bmp">
      <Filter>Resource Files</Filter>
    </Image>
    <Image Include="RES\megaMan\R\weapan\9.bmp">
      <Filter>Resource Files</Filter>
    </Image>
    <Image Include="RES\megaMan\R\weapan\11.bmp">
      <Filter>Resource Files</Filter>
    </Image>
    <Image Include="RES\megaMan\R\weapan\12.bmp">
      <Filter>Resource Files</Filter>
    </Image>
    <Image Include="RES\megaMan\R\weapan\13.bmp">
      <Filter>Resource Files</Filter>
    </Image>
    <Image Include="RES\megaMan\R\weapan\14.bmp">
      <Filter>Resource Files</Filter>
    </Image>
    <Image Include="RES\monster2\R\0.bmp">
      <Filter>Resource Files</Filter>
    </Image>
    <Image Include="RES\monster2\R\1.bmp">
      <Filter>Resource Files</Filter>
    </Image>
    <Image Include="RES\monster2\R\2.bmp">
      <Filter>Resource Files</Filter>
    </Image>
    <Image Include="RES\monster2\R\3.bmp">
      <Filter>Resource Files</Filter>
    </Image>
    <Image Include="RES\monster2\R\4.bmp">
      <Filter>Resource Files</Filter>
    </Image>
    <Image Include="RES\monster2\R\5.bmp">
      <Filter>Resource Files</Filter>
    </Image>
    <Image Include="RES\monster2\R\6.bmp">
      <Filter>Resource Files</Filter>
    </Image>
    <Image Include="RES\monster2\R\7.bmp">
      <Filter>Resource Files</Filter>
    </Image>
    <Image Include="RES\monster2\R\8.bmp">
      <Filter>Resource Files</Filter>
    </Image>
    <Image Include="RES\monster2\R\9.bmp">
      <Filter>Resource Files</Filter>
    </Image>
    <Image Include="RES\monster2\R\10.bmp">
      <Filter>Resource Files</Filter>
    </Image>
    <Image Include="RES\monster2\R\11.bmp">
      <Filter>Resource Files</Filter>
    </Image>
    <Image Include="RES\monster2\R\12.bmp">
      <Filter>Resource Files</Filter>
    </Image>
    <Image Include="RES\monster2\R\13.bmp">
      <Filter>Resource Files</Filter>
    </Image>
    <Image Include="RES\monster2\R\14.bmp">
      <Filter>Resource Files</Filter>
    </Image>
    <Image Include="RES\monster2\R\15.bmp">
      <Filter>Resource Files</Filter>
    </Image>
    <Image Include="RES\monster2\R\16.bmp">
      <Filter>Resource Files</Filter>
    </Image>
    <Image Include="RES\monster2\R\17.bmp">
      <Filter>Resource Files</Filter>
    </Image>
    <Image Include="RES\monster2\L\0.bmp">
      <Filter>Resource Files</Filter>
    </Image>
    <Image Include="RES\monster2\L\1.bmp">
      <Filter>Resource Files</Filter>
    </Image>
    <Image Include="RES\monster2\L\2.bmp">
      <Filter>Resource Files</Filter>
    </Image>
    <Image Include="RES\monster2\L\3.bmp">
      <Filter>Resource Files</Filter>
    </Image>
    <Image Include="RES\monster2\L\4.bmp">
      <Filter>Resource Files</Filter>
    </Image>
    <Image Include="RES\monster2\L\5.bmp">
      <Filter>Resource Files</Filter>
    </Image>
    <Image Include="RES\monster2\L\6.bmp">
      <Filter>Resource Files</Filter>
    </Image>
    <Image Include="RES\monster2\L\7.bmp">
      <Filter>Resource Files</Filter>
    </Image>
    <Image Include="RES\monster2\L\8.bmp">
      <Filter>Resource Files</Filter>
    </Image>
    <Image Include="RES\monster2\L\9.bmp">
      <Filter>Resource Files</Filter>
    </Image>
    <Image Include="RES\monster2\L\10.bmp">
      <Filter>Resource Files</Filter>
    </Image>
    <Image Include="RES\monster2\L\11.bmp">
      <Filter>Resource Files</Filter>
    </Image>
    <Image Include="RES\monster2\L\12.bmp">
      <Filter>Resource Files</Filter>
    </Image>
    <Image Include="RES\monster2\L\13.bmp">
      <Filter>Resource Files</Filter>
    </Image>
    <Image Include="RES\monster2\L\14.bmp">
      <Filter>Resource Files</Filter>
    </Image>
    <Image Include="RES\monster2\L\15.bmp">
      <Filter>Resource Files</Filter>
    </Image>
    <Image Include="RES\monster2\L\16.bmp">
      <Filter>Resource Files</Filter>
    </Image>
    <Image Include="RES\monster2\L\17.bmp">
      <Filter>Resource Files</Filter>
    </Image>
    <Image Include="RES\megaMan\UI\hp2_button.bmp">
      <Filter>Resource Files</Filter>
    </Image>
    <Image Include="RES\m2_1.bmp">
      <Filter>Resource Files</Filter>
    </Image>
    <Image Include="RES\help0.bmp">
      <Filter>Resource Files</Filter>
    </Image>
    <Image Include="RES\UI\mesb0.bmp">
      <Filter>Resource Files</Filter>
    </Image>
    <Image Include="RES\UI\mesb1.bmp">
      <Filter>Resource Files</Filter>
    </Image>
    <Image Include="RES\UI\mesb2.bmp">
      <Filter>Resource Files</Filter>
    </Image>
    <Image Include="RES\UI\mesb3.bmp">
      <Filter>Resource Files</Filter>
    </Image>
    <Image Include="RES\UI\mesb4.bmp">
      <Filter>Resource Files</Filter>
    </Image>
    <Image Include="RES\UI\mesb5.bmp">
      <Filter>Resource Files</Filter>
    </Image>
    <Image Include="RES\UI\mesb6.bmp">
      <Filter>Resource Files</Filter>
    </Image>
    <Image Include="RES\UI\mesb7.bmp">
      <Filter>Resource Files</Filter>
    </Image>
    <Image Include="RES\UI\mesb8.bmp">
      <Filter>Resource Files</Filter>
    </Image>
    <Image Include="RES\UI\mesb9.bmp">
      <Filter>Resource Files</Filter>
    </Image>
    <Image Include="RES\UI\mesb10.bmp">
      <Filter>Resource Files</Filter>
    </Image>
    <Image Include="RES\UI\mesb11.bmp">
      <Filter>Resource Files</Filter>
    </Image>
    <Image Include="RES\UI\mesb12.bmp">
      <Filter>Resource Files</Filter>
    </Image>
    <Image Include="RES\UI\mesb13.bmp">
      <Filter>Resource Files</Filter>
    </Image>
    <Image Include="RES\UI\mesb14.bmp">
      <Filter>Resource Files</Filter>
    </Image>
    <Image Include="RES\UI\mesb15.bmp">
      <Filter>Resource Files</Filter>
    </Image>
    <Image Include="RES\UI\mesb16.bmp">
      <Filter>Resource Files</Filter>
    </Image>
    <Image Include="RES\UI\mesb17.bmp">
      <Filter>Resource Files</Filter>
    </Image>
    <Image Include="RES\UI\mesb18.bmp">
      <Filter>Resource Files</Filter>
    </Image>
    <Image Include="RES\UI\mesb19.bmp">
      <Filter>Resource Files</Filter>
    </Image>
    <Image Include="RES\UI\mesb20.bmp">
      <Filter>Resource Files</Filter>
    </Image>
    <Image Include="RES\UI\mesb21.bmp">
      <Filter>Resource Files</Filter>
    </Image>
    <Image Include="RES\UI\mesb22.bmp">
      <Filter>Resource Files</Filter>
    </Image>
    <Image Include="RES\UI\mesb23.bmp">
      <Filter>Resource Files</Filter>
    </Image>
    <Image Include="RES\UI\mesb24.bmp">
      <Filter>Resource Files</Filter>
    </Image>
    <Image Include="res\RES\UI\mesb10.bmp">
      <Filter>Resource Files</Filter>
    </Image>
    <Image Include="res\RES\UI\mesb11.bmp">
      <Filter>Resource Files</Filter>
    </Image>
    <Image Include="RES\UI\c0.bmp">
      <Filter>Resource Files</Filter>
    </Image>
    <Image Include="RES\UI\c1.bmp">
      <Filter>Resource Files</Filter>
    </Image>
    <Image Include="RES\UI\c2.bmp">
      <Filter>Resource Files</Filter>
    </Image>
    <Image Include="RES\UI\c3.bmp">
      <Filter>Resource Files</Filter>
    </Image>
  </ItemGroup>
</Project>